
Microsoft Visual Studio Solution File, Format Version 12.00
# Visual Studio Version 17
VisualStudioVersion = 17.14.36518.9 d17.14
MinimumVisualStudioVersion = 10.0.40219.1
Project("{00D1A9C2-B5F0-4AF3-8072-F6C62B433612}") = "Sensor_Database", "Sensor_Database\Sensor_Database.sqlproj", "{53C06F4D-5FE3-4AE4-B6C5-18C067B6FD56}"
EndProject
Global
	GlobalSection(SolutionConfigurationPlatforms) = preSolution
		Debug|Any CPU = Debug|Any CPU
		Release|Any CPU = Release|Any CPU
	EndGlobalSection
	GlobalSection(ProjectConfigurationPlatforms) = postSolution
		{53C06F4D-5FE3-4AE4-B6C5-18C067B6FD56}.Debug|Any CPU.ActiveCfg = Debug|Any CPU
		{53C06F4D-5FE3-4AE4-B6C5-18C067B6FD56}.Debug|Any CPU.Build.0 = Debug|Any CPU
		{53C06F4D-5FE3-4AE4-B6C5-18C067B6FD56}.Debug|Any CPU.Deploy.0 = Debug|Any CPU
		{53C06F4D-5FE3-4AE4-B6C5-18C067B6FD56}.Release|Any CPU.ActiveCfg = Release|Any CPU
		{53C06F4D-5FE3-4AE4-B6C5-18C067B6FD56}.Release|Any CPU.Build.0 = Release|Any CPU
		{53C06F4D-5FE3-4AE4-B6C5-18C067B6FD56}.Release|Any CPU.Deploy.0 = Release|Any CPU
	EndGlobalSection
	GlobalSection(SolutionProperties) = preSolution
		HideSolutionNode = FALSE
	EndGlobalSection
	GlobalSection(ExtensibilityGlobals) = postSolution
		SolutionGuid = {96D85DF9-F798-4744-8F70-D4EBF382EBA8}
	EndGlobalSection
EndGlobal
